
Microsoft Visual Studio Solution File, Format Version 12.00
# Visual Studio 15
VisualStudioVersion = 15.0.27004.2006
MinimumVisualStudioVersion = 10.0.40219.1
Project("{FAE04EC0-301F-11D3-BF4B-00C04F79EFBC}") = "DeltaMediaLog.Android", "DeltaMediaLog\DeltaMediaLog.Android\DeltaMediaLog.Android.csproj", "{F63335A9-C76F-49C5-91A4-9DEF5C534CA0}"
EndProject
Project("{FAE04EC0-301F-11D3-BF4B-00C04F79EFBC}") = "DeltaMediaLog", "DeltaMediaLog\DeltaMediaLog\DeltaMediaLog.csproj", "{6CF651D2-1E63-4B71-97BA-61020A643A1A}"
EndProject
Project("{FAE04EC0-301F-11D3-BF4B-00C04F79EFBC}") = "DeltaMediaLog.UWP", "DeltaMediaLog\DeltaMediaLog.UWP\DeltaMediaLog.UWP.csproj", "{45DC74DE-F4CF-46CA-AE01-3913BD48241B}"
EndProject
Project("{FAE04EC0-301F-11D3-BF4B-00C04F79EFBC}") = "DeltaMediaLog.iOS", "DeltaMediaLog\DeltaMediaLog.iOS\DeltaMediaLog.iOS.csproj", "{664F04BE-C5F4-456C-A673-6C004897CDA2}"
EndProject
Global
	GlobalSection(SolutionConfigurationPlatforms) = preSolution
		Ad-Hoc|Any CPU = Ad-Hoc|Any CPU
		Ad-Hoc|ARM = Ad-Hoc|ARM
		Ad-Hoc|iPhone = Ad-Hoc|iPhone
		Ad-Hoc|iPhoneSimulator = Ad-Hoc|iPhoneSimulator
		Ad-Hoc|x64 = Ad-Hoc|x64
		Ad-Hoc|x86 = Ad-Hoc|x86
		AppStore|Any CPU = AppStore|Any CPU
		AppStore|ARM = AppStore|ARM
		AppStore|iPhone = AppStore|iPhone
		AppStore|iPhoneSimulator = AppStore|iPhoneSimulator
		AppStore|x64 = AppStore|x64
		AppStore|x86 = AppStore|x86
		Debug|Any CPU = Debug|Any CPU
		Debug|ARM = Debug|ARM
		Debug|iPhone = Debug|iPhone
		Debug|iPhoneSimulator = Debug|iPhoneSimulator
		Debug|x64 = Debug|x64
		Debug|x86 = Debug|x86
		Release|Any CPU = Release|Any CPU
		Release|ARM = Release|ARM
		Release|iPhone = Release|iPhone
		Release|iPhoneSimulator = Release|iPhoneSimulator
		Release|x64 = Release|x64
		Release|x86 = Release|x86
	EndGlobalSection
	GlobalSection(ProjectConfigurationPlatforms) = postSolution
		{F63335A9-C76F-49C5-91A4-9DEF5C534CA0}.Ad-Hoc|Any CPU.ActiveCfg = Release|Any CPU
		{F63335A9-C76F-49C5-91A4-9DEF5C534CA0}.Ad-Hoc|Any CPU.Build.0 = Release|Any CPU
		{F63335A9-C76F-49C5-91A4-9DEF5C534CA0}.Ad-Hoc|Any CPU.Deploy.0 = Release|Any CPU
		{F63335A9-C76F-49C5-91A4-9DEF5C534CA0}.Ad-Hoc|ARM.ActiveCfg = Release|Any CPU
		{F63335A9-C76F-49C5-91A4-9DEF5C534CA0}.Ad-Hoc|ARM.Build.0 = Release|Any CPU
		{F63335A9-C76F-49C5-91A4-9DEF5C534CA0}.Ad-Hoc|ARM.Deploy.0 = Release|Any CPU
		{F63335A9-C76F-49C5-91A4-9DEF5C534CA0}.Ad-Hoc|iPhone.ActiveCfg = Release|Any CPU
		{F63335A9-C76F-49C5-91A4-9DEF5C534CA0}.Ad-Hoc|iPhone.Build.0 = Release|Any CPU
		{F63335A9-C76F-49C5-91A4-9DEF5C534CA0}.Ad-Hoc|iPhone.Deploy.0 = Release|Any CPU
		{F63335A9-C76F-49C5-91A4-9DEF5C534CA0}.Ad-Hoc|iPhoneSimulator.ActiveCfg = Release|Any CPU
		{F63335A9-C76F-49C5-91A4-9DEF5C534CA0}.Ad-Hoc|iPhoneSimulator.Build.0 = Release|Any CPU
		{F63335A9-C76F-49C5-91A4-9DEF5C534CA0}.Ad-Hoc|iPhoneSimulator.Deploy.0 = Release|Any CPU
		{F63335A9-C76F-49C5-91A4-9DEF5C534CA0}.Ad-Hoc|x64.ActiveCfg = Release|Any CPU
		{F63335A9-C76F-49C5-91A4-9DEF5C534CA0}.Ad-Hoc|x64.Build.0 = Release|Any CPU
		{F63335A9-C76F-49C5-91A4-9DEF5C534CA0}.Ad-Hoc|x64.Deploy.0 = Release|Any CPU
		{F63335A9-C76F-49C5-91A4-9DEF5C534CA0}.Ad-Hoc|x86.ActiveCfg = Release|Any CPU
		{F63335A9-C76F-49C5-91A4-9DEF5C534CA0}.Ad-Hoc|x86.Build.0 = Release|Any CPU
		{F63335A9-C76F-49C5-91A4-9DEF5C534CA0}.Ad-Hoc|x86.Deploy.0 = Release|Any CPU
		{F63335A9-C76F-49C5-91A4-9DEF5C534CA0}.AppStore|Any CPU.ActiveCfg = Release|Any CPU
		{F63335A9-C76F-49C5-91A4-9DEF5C534CA0}.AppStore|Any CPU.Build.0 = Release|Any CPU
		{F63335A9-C76F-49C5-91A4-9DEF5C534CA0}.AppStore|Any CPU.Deploy.0 = Release|Any CPU
		{F63335A9-C76F-49C5-91A4-9DEF5C534CA0}.AppStore|ARM.ActiveCfg = Release|Any CPU
		{F63335A9-C76F-49C5-91A4-9DEF5C534CA0}.AppStore|ARM.Build.0 = Release|Any CPU
		{F63335A9-C76F-49C5-91A4-9DEF5C534CA0}.AppStore|ARM.Deploy.0 = Release|Any CPU
		{F63335A9-C76F-49C5-91A4-9DEF5C534CA0}.AppStore|iPhone.ActiveCfg = Release|Any CPU
		{F63335A9-C76F-49C5-91A4-9DEF5C534CA0}.AppStore|iPhone.Build.0 = Release|Any CPU
		{F63335A9-C76F-49C5-91A4-9DEF5C534CA0}.AppStore|iPhone.Deploy.0 = Release|Any CPU
		{F63335A9-C76F-49C5-91A4-9DEF5C534CA0}.AppStore|iPhoneSimulator.ActiveCfg = Release|Any CPU
		{F63335A9-C76F-49C5-91A4-9DEF5C534CA0}.AppStore|iPhoneSimulator.Build.0 = Release|Any CPU
		{F63335A9-C76F-49C5-91A4-9DEF5C534CA0}.AppStore|iPhoneSimulator.Deploy.0 = Release|Any CPU
		{F63335A9-C76F-49C5-91A4-9DEF5C534CA0}.AppStore|x64.ActiveCfg = Release|Any CPU
		{F63335A9-C76F-49C5-91A4-9DEF5C534CA0}.AppStore|x64.Build.0 = Release|Any CPU
		{F63335A9-C76F-49C5-91A4-9DEF5C534CA0}.AppStore|x64.Deploy.0 = Release|Any CPU
		{F63335A9-C76F-49C5-91A4-9DEF5C534CA0}.AppStore|x86.ActiveCfg = Release|Any CPU
		{F63335A9-C76F-49C5-91A4-9DEF5C534CA0}.AppStore|x86.Build.0 = Release|Any CPU
		{F63335A9-C76F-49C5-91A4-9DEF5C534CA0}.AppStore|x86.Deploy.0 = Release|Any CPU
		{F63335A9-C76F-49C5-91A4-9DEF5C534CA0}.Debug|Any CPU.ActiveCfg = Debug|Any CPU
		{F63335A9-C76F-49C5-91A4-9DEF5C534CA0}.Debug|Any CPU.Build.0 = Debug|Any CPU
		{F63335A9-C76F-49C5-91A4-9DEF5C534CA0}.Debug|Any CPU.Deploy.0 = Debug|Any CPU
		{F63335A9-C76F-49C5-91A4-9DEF5C534CA0}.Debug|ARM.ActiveCfg = Debug|Any CPU
		{F63335A9-C76F-49C5-91A4-9DEF5C534CA0}.Debug|ARM.Build.0 = Debug|Any CPU
		{F63335A9-C76F-49C5-91A4-9DEF5C534CA0}.Debug|ARM.Deploy.0 = Debug|Any CPU
		{F63335A9-C76F-49C5-91A4-9DEF5C534CA0}.Debug|iPhone.ActiveCfg = Debug|Any CPU
		{F63335A9-C76F-49C5-91A4-9DEF5C534CA0}.Debug|iPhone.Build.0 = Debug|Any CPU
		{F63335A9-C76F-49C5-91A4-9DEF5C534CA0}.Debug|iPhone.Deploy.0 = Debug|Any CPU
		{F63335A9-C76F-49C5-91A4-9DEF5C534CA0}.Debug|iPhoneSimulator.ActiveCfg = Debug|Any CPU
		{F63335A9-C76F-49C5-91A4-9DEF5C534CA0}.Debug|iPhoneSimulator.Build.0 = Debug|Any CPU
		{F63335A9-C76F-49C5-91A4-9DEF5C534CA0}.Debug|iPhoneSimulator.Deploy.0 = Debug|Any CPU
		{F63335A9-C76F-49C5-91A4-9DEF5C534CA0}.Debug|x64.ActiveCfg = Debug|Any CPU
		{F63335A9-C76F-49C5-91A4-9DEF5C534CA0}.Debug|x64.Build.0 = Debug|Any CPU
		{F63335A9-C76F-49C5-91A4-9DEF5C534CA0}.Debug|x64.Deploy.0 = Debug|Any CPU
		{F63335A9-C76F-49C5-91A4-9DEF5C534CA0}.Debug|x86.ActiveCfg = Debug|Any CPU
		{F63335A9-C76F-49C5-91A4-9DEF5C534CA0}.Debug|x86.Build.0 = Debug|Any CPU
		{F63335A9-C76F-49C5-91A4-9DEF5C534CA0}.Debug|x86.Deploy.0 = Debug|Any CPU
		{F63335A9-C76F-49C5-91A4-9DEF5C534CA0}.Release|Any CPU.ActiveCfg = Release|Any CPU
		{F63335A9-C76F-49C5-91A4-9DEF5C534CA0}.Release|Any CPU.Build.0 = Release|Any CPU
		{F63335A9-C76F-49C5-91A4-9DEF5C534CA0}.Release|Any CPU.Deploy.0 = Release|Any CPU
		{F63335A9-C76F-49C5-91A4-9DEF5C534CA0}.Release|ARM.ActiveCfg = Release|Any CPU
		{F63335A9-C76F-49C5-91A4-9DEF5C534CA0}.Release|ARM.Build.0 = Release|Any CPU
		{F63335A9-C76F-49C5-91A4-9DEF5C534CA0}.Release|ARM.Deploy.0 = Release|Any CPU
		{F63335A9-C76F-49C5-91A4-9DEF5C534CA0}.Release|iPhone.ActiveCfg = Release|Any CPU
		{F63335A9-C76F-49C5-91A4-9DEF5C534CA0}.Release|iPhone.Build.0 = Release|Any CPU
		{F63335A9-C76F-49C5-91A4-9DEF5C534CA0}.Release|iPhone.Deploy.0 = Release|Any CPU
		{F63335A9-C76F-49C5-91A4-9DEF5C534CA0}.Release|iPhoneSimulator.ActiveCfg = Release|Any CPU
		{F63335A9-C76F-49C5-91A4-9DEF5C534CA0}.Release|iPhoneSimulator.Build.0 = Release|Any CPU
		{F63335A9-C76F-49C5-91A4-9DEF5C534CA0}.Release|iPhoneSimulator.Deploy.0 = Release|Any CPU
		{F63335A9-C76F-49C5-91A4-9DEF5C534CA0}.Release|x64.ActiveCfg = Release|Any CPU
		{F63335A9-C76F-49C5-91A4-9DEF5C534CA0}.Release|x64.Build.0 = Release|Any CPU
		{F63335A9-C76F-49C5-91A4-9DEF5C534CA0}.Release|x64.Deploy.0 = Release|Any CPU
		{F63335A9-C76F-49C5-91A4-9DEF5C534CA0}.Release|x86.ActiveCfg = Release|Any CPU
		{F63335A9-C76F-49C5-91A4-9DEF5C534CA0}.Release|x86.Build.0 = Release|Any CPU
		{F63335A9-C76F-49C5-91A4-9DEF5C534CA0}.Release|x86.Deploy.0 = Release|Any CPU
		{6CF651D2-1E63-4B71-97BA-61020A643A1A}.Ad-Hoc|Any CPU.ActiveCfg = Release|Any CPU
		{6CF651D2-1E63-4B71-97BA-61020A643A1A}.Ad-Hoc|Any CPU.Build.0 = Release|Any CPU
		{6CF651D2-1E63-4B71-97BA-61020A643A1A}.Ad-Hoc|ARM.ActiveCfg = Release|Any CPU
		{6CF651D2-1E63-4B71-97BA-61020A643A1A}.Ad-Hoc|ARM.Build.0 = Release|Any CPU
		{6CF651D2-1E63-4B71-97BA-61020A643A1A}.Ad-Hoc|iPhone.ActiveCfg = Release|Any CPU
		{6CF651D2-1E63-4B71-97BA-61020A643A1A}.Ad-Hoc|iPhone.Build.0 = Release|Any CPU
		{6CF651D2-1E63-4B71-97BA-61020A643A1A}.Ad-Hoc|iPhoneSimulator.ActiveCfg = Release|Any CPU
		{6CF651D2-1E63-4B71-97BA-61020A643A1A}.Ad-Hoc|iPhoneSimulator.Build.0 = Release|Any CPU
		{6CF651D2-1E63-4B71-97BA-61020A643A1A}.Ad-Hoc|x64.ActiveCfg = Release|Any CPU
		{6CF651D2-1E63-4B71-97BA-61020A643A1A}.Ad-Hoc|x64.Build.0 = Release|Any CPU
		{6CF651D2-1E63-4B71-97BA-61020A643A1A}.Ad-Hoc|x86.ActiveCfg = Release|Any CPU
		{6CF651D2-1E63-4B71-97BA-61020A643A1A}.Ad-Hoc|x86.Build.0 = Release|Any CPU
		{6CF651D2-1E63-4B71-97BA-61020A643A1A}.AppStore|Any CPU.ActiveCfg = Release|Any CPU
		{6CF651D2-1E63-4B71-97BA-61020A643A1A}.AppStore|Any CPU.Build.0 = Release|Any CPU
		{6CF651D2-1E63-4B71-97BA-61020A643A1A}.AppStore|ARM.ActiveCfg = Release|Any CPU
		{6CF651D2-1E63-4B71-97BA-61020A643A1A}.AppStore|ARM.Build.0 = Release|Any CPU
		{6CF651D2-1E63-4B71-97BA-61020A643A1A}.AppStore|iPhone.ActiveCfg = Release|Any CPU
		{6CF651D2-1E63-4B71-97BA-61020A643A1A}.AppStore|iPhone.Build.0 = Release|Any CPU
		{6CF651D2-1E63-4B71-97BA-61020A643A1A}.AppStore|iPhoneSimulator.ActiveCfg = Release|Any CPU
		{6CF651D2-1E63-4B71-97BA-61020A643A1A}.AppStore|iPhoneSimulator.Build.0 = Release|Any CPU
		{6CF651D2-1E63-4B71-97BA-61020A643A1A}.AppStore|x64.ActiveCfg = Release|Any CPU
		{6CF651D2-1E63-4B71-97BA-61020A643A1A}.AppStore|x64.Build.0 = Release|Any CPU
		{6CF651D2-1E63-4B71-97BA-61020A643A1A}.AppStore|x86.ActiveCfg = Release|Any CPU
		{6CF651D2-1E63-4B71-97BA-61020A643A1A}.AppStore|x86.Build.0 = Release|Any CPU
		{6CF651D2-1E63-4B71-97BA-61020A643A1A}.Debug|Any CPU.ActiveCfg = Debug|Any CPU
		{6CF651D2-1E63-4B71-97BA-61020A643A1A}.Debug|Any CPU.Build.0 = Debug|Any CPU
		{6CF651D2-1E63-4B71-97BA-61020A643A1A}.Debug|ARM.ActiveCfg = Debug|Any CPU
		{6CF651D2-1E63-4B71-97BA-61020A643A1A}.Debug|ARM.Build.0 = Debug|Any CPU
		{6CF651D2-1E63-4B71-97BA-61020A643A1A}.Debug|iPhone.ActiveCfg = Debug|Any CPU
		{6CF651D2-1E63-4B71-97BA-61020A643A1A}.Debug|iPhone.Build.0 = Debug|Any CPU
		{6CF651D2-1E63-4B71-97BA-61020A643A1A}.Debug|iPhoneSimulator.ActiveCfg = Debug|Any CPU
		{6CF651D2-1E63-4B71-97BA-61020A643A1A}.Debug|iPhoneSimulator.Build.0 = Debug|Any CPU
		{6CF651D2-1E63-4B71-97BA-61020A643A1A}.Debug|x64.ActiveCfg = Debug|Any CPU
		{6CF651D2-1E63-4B71-97BA-61020A643A1A}.Debug|x64.Build.0 = Debug|Any CPU
		{6CF651D2-1E63-4B71-97BA-61020A643A1A}.Debug|x86.ActiveCfg = Debug|Any CPU
		{6CF651D2-1E63-4B71-97BA-61020A643A1A}.Debug|x86.Build.0 = Debug|Any CPU
		{6CF651D2-1E63-4B71-97BA-61020A643A1A}.Release|Any CPU.ActiveCfg = Release|Any CPU
		{6CF651D2-1E63-4B71-97BA-61020A643A1A}.Release|Any CPU.Build.0 = Release|Any CPU
		{6CF651D2-1E63-4B71-97BA-61020A643A1A}.Release|ARM.ActiveCfg = Release|Any CPU
		{6CF651D2-1E63-4B71-97BA-61020A643A1A}.Release|ARM.Build.0 = Release|Any CPU
		{6CF651D2-1E63-4B71-97BA-61020A643A1A}.Release|iPhone.ActiveCfg = Release|Any CPU
		{6CF651D2-1E63-4B71-97BA-61020A643A1A}.Release|iPhone.Build.0 = Release|Any CPU
		{6CF651D2-1E63-4B71-97BA-61020A643A1A}.Release|iPhoneSimulator.ActiveCfg = Release|Any CPU
		{6CF651D2-1E63-4B71-97BA-61020A643A1A}.Release|iPhoneSimulator.Build.0 = Release|Any CPU
		{6CF651D2-1E63-4B71-97BA-61020A643A1A}.Release|x64.ActiveCfg = Release|Any CPU
		{6CF651D2-1E63-4B71-97BA-61020A643A1A}.Release|x64.Build.0 = Release|Any CPU
		{6CF651D2-1E63-4B71-97BA-61020A643A1A}.Release|x86.ActiveCfg = Release|Any CPU
		{6CF651D2-1E63-4B71-97BA-61020A643A1A}.Release|x86.Build.0 = Release|Any CPU
		{45DC74DE-F4CF-46CA-AE01-3913BD48241B}.Ad-Hoc|Any CPU.ActiveCfg = Release|x86
		{45DC74DE-F4CF-46CA-AE01-3913BD48241B}.Ad-Hoc|Any CPU.Build.0 = Release|x86
		{45DC74DE-F4CF-46CA-AE01-3913BD48241B}.Ad-Hoc|Any CPU.Deploy.0 = Release|x86
		{45DC74DE-F4CF-46CA-AE01-3913BD48241B}.Ad-Hoc|ARM.ActiveCfg = Release|ARM
		{45DC74DE-F4CF-46CA-AE01-3913BD48241B}.Ad-Hoc|ARM.Build.0 = Release|ARM
		{45DC74DE-F4CF-46CA-AE01-3913BD48241B}.Ad-Hoc|ARM.Deploy.0 = Release|ARM
		{45DC74DE-F4CF-46CA-AE01-3913BD48241B}.Ad-Hoc|iPhone.ActiveCfg = Release|x86
		{45DC74DE-F4CF-46CA-AE01-3913BD48241B}.Ad-Hoc|iPhone.Build.0 = Release|x86
		{45DC74DE-F4CF-46CA-AE01-3913BD48241B}.Ad-Hoc|iPhone.Deploy.0 = Release|x86
		{45DC74DE-F4CF-46CA-AE01-3913BD48241B}.Ad-Hoc|iPhoneSimulator.ActiveCfg = Release|x86
		{45DC74DE-F4CF-46CA-AE01-3913BD48241B}.Ad-Hoc|iPhoneSimulator.Build.0 = Release|x86
		{45DC74DE-F4CF-46CA-AE01-3913BD48241B}.Ad-Hoc|iPhoneSimulator.Deploy.0 = Release|x86
		{45DC74DE-F4CF-46CA-AE01-3913BD48241B}.Ad-Hoc|x64.ActiveCfg = Release|x64
		{45DC74DE-F4CF-46CA-AE01-3913BD48241B}.Ad-Hoc|x64.Build.0 = Release|x64
		{45DC74DE-F4CF-46CA-AE01-3913BD48241B}.Ad-Hoc|x64.Deploy.0 = Release|x64
		{45DC74DE-F4CF-46CA-AE01-3913BD48241B}.Ad-Hoc|x86.ActiveCfg = Release|x86
		{45DC74DE-F4CF-46CA-AE01-3913BD48241B}.Ad-Hoc|x86.Build.0 = Release|x86
		{45DC74DE-F4CF-46CA-AE01-3913BD48241B}.Ad-Hoc|x86.Deploy.0 = Release|x86
		{45DC74DE-F4CF-46CA-AE01-3913BD48241B}.AppStore|Any CPU.ActiveCfg = Release|x86
		{45DC74DE-F4CF-46CA-AE01-3913BD48241B}.AppStore|Any CPU.Build.0 = Release|x86
		{45DC74DE-F4CF-46CA-AE01-3913BD48241B}.AppStore|Any CPU.Deploy.0 = Release|x86
		{45DC74DE-F4CF-46CA-AE01-3913BD48241B}.AppStore|ARM.ActiveCfg = Release|ARM
		{45DC74DE-F4CF-46CA-AE01-3913BD48241B}.AppStore|ARM.Build.0 = Release|ARM
		{45DC74DE-F4CF-46CA-AE01-3913BD48241B}.AppStore|ARM.Deploy.0 = Release|ARM
		{45DC74DE-F4CF-46CA-AE01-3913BD48241B}.AppStore|iPhone.ActiveCfg = Release|x86
		{45DC74DE-F4CF-46CA-AE01-3913BD48241B}.AppStore|iPhone.Build.0 = Release|x86
		{45DC74DE-F4CF-46CA-AE01-3913BD48241B}.AppStore|iPhone.Deploy.0 = Release|x86
		{45DC74DE-F4CF-46CA-AE01-3913BD48241B}.AppStore|iPhoneSimulator.ActiveCfg = Release|x86
		{45DC74DE-F4CF-46CA-AE01-3913BD48241B}.AppStore|iPhoneSimulator.Build.0 = Release|x86
		{45DC74DE-F4CF-46CA-AE01-3913BD48241B}.AppStore|iPhoneSimulator.Deploy.0 = Release|x86
		{45DC74DE-F4CF-46CA-AE01-3913BD48241B}.AppStore|x64.ActiveCfg = Release|x64
		{45DC74DE-F4CF-46CA-AE01-3913BD48241B}.AppStore|x64.Build.0 = Release|x64
		{45DC74DE-F4CF-46CA-AE01-3913BD48241B}.AppStore|x64.Deploy.0 = Release|x64
		{45DC74DE-F4CF-46CA-AE01-3913BD48241B}.AppStore|x86.ActiveCfg = Release|x86
		{45DC74DE-F4CF-46CA-AE01-3913BD48241B}.AppStore|x86.Build.0 = Release|x86
		{45DC74DE-F4CF-46CA-AE01-3913BD48241B}.AppStore|x86.Deploy.0 = Release|x86
		{45DC74DE-F4CF-46CA-AE01-3913BD48241B}.Debug|Any CPU.ActiveCfg = Debug|x86
		{45DC74DE-F4CF-46CA-AE01-3913BD48241B}.Debug|ARM.ActiveCfg = Debug|ARM
		{45DC74DE-F4CF-46CA-AE01-3913BD48241B}.Debug|ARM.Build.0 = Debug|ARM
		{45DC74DE-F4CF-46CA-AE01-3913BD48241B}.Debug|ARM.Deploy.0 = Debug|ARM
		{45DC74DE-F4CF-46CA-AE01-3913BD48241B}.Debug|iPhone.ActiveCfg = Debug|x86
		{45DC74DE-F4CF-46CA-AE01-3913BD48241B}.Debug|iPhoneSimulator.ActiveCfg = Debug|x86
		{45DC74DE-F4CF-46CA-AE01-3913BD48241B}.Debug|x64.ActiveCfg = Debug|x64
		{45DC74DE-F4CF-46CA-AE01-3913BD48241B}.Debug|x64.Build.0 = Debug|x64
		{45DC74DE-F4CF-46CA-AE01-3913BD48241B}.Debug|x64.Deploy.0 = Debug|x64
		{45DC74DE-F4CF-46CA-AE01-3913BD48241B}.Debug|x86.ActiveCfg = Debug|x86
		{45DC74DE-F4CF-46CA-AE01-3913BD48241B}.Debug|x86.Build.0 = Debug|x86
		{45DC74DE-F4CF-46CA-AE01-3913BD48241B}.Debug|x86.Deploy.0 = Debug|x86
		{45DC74DE-F4CF-46CA-AE01-3913BD48241B}.Release|Any CPU.ActiveCfg = Release|x86
		{45DC74DE-F4CF-46CA-AE01-3913BD48241B}.Release|ARM.ActiveCfg = Release|ARM
		{45DC74DE-F4CF-46CA-AE01-3913BD48241B}.Release|ARM.Build.0 = Release|ARM
		{45DC74DE-F4CF-46CA-AE01-3913BD48241B}.Release|ARM.Deploy.0 = Release|ARM
		{45DC74DE-F4CF-46CA-AE01-3913BD48241B}.Release|iPhone.ActiveCfg = Release|x86
		{45DC74DE-F4CF-46CA-AE01-3913BD48241B}.Release|iPhoneSimulator.ActiveCfg = Release|x86
		{45DC74DE-F4CF-46CA-AE01-3913BD48241B}.Release|x64.ActiveCfg = Release|x64
		{45DC74DE-F4CF-46CA-AE01-3913BD48241B}.Release|x64.Build.0 = Release|x64
		{45DC74DE-F4CF-46CA-AE01-3913BD48241B}.Release|x64.Deploy.0 = Release|x64
		{45DC74DE-F4CF-46CA-AE01-3913BD48241B}.Release|x86.ActiveCfg = Release|x86
		{45DC74DE-F4CF-46CA-AE01-3913BD48241B}.Release|x86.Build.0 = Release|x86
		{45DC74DE-F4CF-46CA-AE01-3913BD48241B}.Release|x86.Deploy.0 = Release|x86
		{664F04BE-C5F4-456C-A673-6C004897CDA2}.Ad-Hoc|Any CPU.ActiveCfg = Ad-Hoc|iPhoneSimulator
		{664F04BE-C5F4-456C-A673-6C004897CDA2}.Ad-Hoc|ARM.ActiveCfg = Ad-Hoc|iPhone
		{664F04BE-C5F4-456C-A673-6C004897CDA2}.Ad-Hoc|iPhone.ActiveCfg = Ad-Hoc|iPhone
		{664F04BE-C5F4-456C-A673-6C004897CDA2}.Ad-Hoc|iPhone.Build.0 = Ad-Hoc|iPhone
		{664F04BE-C5F4-456C-A673-6C004897CDA2}.Ad-Hoc|iPhoneSimulator.ActiveCfg = Ad-Hoc|iPhoneSimulator
		{664F04BE-C5F4-456C-A673-6C004897CDA2}.Ad-Hoc|iPhoneSimulator.Build.0 = Ad-Hoc|iPhoneSimulator
		{664F04BE-C5F4-456C-A673-6C004897CDA2}.Ad-Hoc|x64.ActiveCfg = Ad-Hoc|iPhone
		{664F04BE-C5F4-456C-A673-6C004897CDA2}.Ad-Hoc|x86.ActiveCfg = Ad-Hoc|iPhone
		{664F04BE-C5F4-456C-A673-6C004897CDA2}.AppStore|Any CPU.ActiveCfg = AppStore|iPhoneSimulator
		{664F04BE-C5F4-456C-A673-6C004897CDA2}.AppStore|ARM.ActiveCfg = AppStore|iPhone
		{664F04BE-C5F4-456C-A673-6C004897CDA2}.AppStore|iPhone.ActiveCfg = AppStore|iPhone
		{664F04BE-C5F4-456C-A673-6C004897CDA2}.AppStore|iPhone.Build.0 = AppStore|iPhone
		{664F04BE-C5F4-456C-A673-6C004897CDA2}.AppStore|iPhoneSimulator.ActiveCfg = AppStore|iPhoneSimulator
		{664F04BE-C5F4-456C-A673-6C004897CDA2}.AppStore|iPhoneSimulator.Build.0 = AppStore|iPhoneSimulator
		{664F04BE-C5F4-456C-A673-6C004897CDA2}.AppStore|x64.ActiveCfg = AppStore|iPhone
		{664F04BE-C5F4-456C-A673-6C004897CDA2}.AppStore|x86.ActiveCfg = AppStore|iPhone
		{664F04BE-C5F4-456C-A673-6C004897CDA2}.Debug|Any CPU.ActiveCfg = Debug|iPhoneSimulator
		{664F04BE-C5F4-456C-A673-6C004897CDA2}.Debug|ARM.ActiveCfg = Debug|iPhone
		{664F04BE-C5F4-456C-A673-6C004897CDA2}.Debug|iPhone.ActiveCfg = Debug|iPhone
		{664F04BE-C5F4-456C-A673-6C004897CDA2}.Debug|iPhone.Build.0 = Debug|iPhone
		{664F04BE-C5F4-456C-A673-6C004897CDA2}.Debug|iPhoneSimulator.ActiveCfg = Debug|iPhoneSimulator
		{664F04BE-C5F4-456C-A673-6C004897CDA2}.Debug|iPhoneSimulator.Build.0 = Debug|iPhoneSimulator
		{664F04BE-C5F4-456C-A673-6C004897CDA2}.Debug|x64.ActiveCfg = Debug|iPhone
		{664F04BE-C5F4-456C-A673-6C004897CDA2}.Debug|x86.ActiveCfg = Debug|iPhone
		{664F04BE-C5F4-456C-A673-6C004897CDA2}.Release|Any CPU.ActiveCfg = Release|iPhoneSimulator
		{664F04BE-C5F4-456C-A673-6C004897CDA2}.Release|ARM.ActiveCfg = Release|iPhone
		{664F04BE-C5F4-456C-A673-6C004897CDA2}.Release|iPhone.ActiveCfg = Release|iPhone
		{664F04BE-C5F4-456C-A673-6C004897CDA2}.Release|iPhone.Build.0 = Release|iPhone
		{664F04BE-C5F4-456C-A673-6C004897CDA2}.Release|iPhoneSimulator.ActiveCfg = Release|iPhoneSimulator
		{664F04BE-C5F4-456C-A673-6C004897CDA2}.Release|iPhoneSimulator.Build.0 = Release|iPhoneSimulator
		{664F04BE-C5F4-456C-A673-6C004897CDA2}.Release|x64.ActiveCfg = Release|iPhone
		{664F04BE-C5F4-456C-A673-6C004897CDA2}.Release|x86.ActiveCfg = Release|iPhone
	EndGlobalSection
	GlobalSection(SolutionProperties) = preSolution
		HideSolutionNode = FALSE
	EndGlobalSection
	GlobalSection(ExtensibilityGlobals) = postSolution
		SolutionGuid = {A54D8293-C416-4C3C-93C8-BA3EFFF88E12}
	EndGlobalSection
EndGlobal
